
Microsoft Visual Studio Solution File, Format Version 12.00
# Visual Studio Version 17
VisualStudioVersion = 17.2.32630.192
MinimumVisualStudioVersion = 10.0.40219.1
Project("{FAE04EC0-301F-11D3-BF4B-00C04F79EFBC}") = "MarketForYou22.API", "MarketForYou22.API\MarketForYou22.API.csproj", "{8B0A8756-CF30-4946-BBE8-B5E1CDE5467E}"
EndProject
Project("{FAE04EC0-301F-11D3-BF4B-00C04F79EFBC}") = "MKFY.Models", "MKFY.Models\MKFY.Models.csproj", "{1C0159AE-A3B9-4F4E-B216-A3253E457AB8}"
EndProject
Project("{FAE04EC0-301F-11D3-BF4B-00C04F79EFBC}") = "MKFY.Services", "MKFY.Servises\MKFY.Services.csproj", "{B228A934-F00C-4EB8-8CDB-19B75C478BA5}"
EndProject
Project("{FAE04EC0-301F-11D3-BF4B-00C04F79EFBC}") = "MKFY.Repositories", "MKFY.Repositories\MKFY.Repositories.csproj", "{EDCBCA23-C50E-43B6-97DC-664DF74E53BF}"
EndProject
Project("{E53339B2-1760-4266-BCC7-CA923CBCF16C}") = "docker-compose", "docker-compose.dcproj", "{448B9EB5-B09A-46B6-A4F2-24C9C8E0A5F3}"
EndProject
Global
	GlobalSection(SolutionConfigurationPlatforms) = preSolution
		Debug|Any CPU = Debug|Any CPU
		Release|Any CPU = Release|Any CPU
	EndGlobalSection
	GlobalSection(ProjectConfigurationPlatforms) = postSolution
		{8B0A8756-CF30-4946-BBE8-B5E1CDE5467E}.Debug|Any CPU.ActiveCfg = Debug|Any CPU
		{8B0A8756-CF30-4946-BBE8-B5E1CDE5467E}.Debug|Any CPU.Build.0 = Debug|Any CPU
		{8B0A8756-CF30-4946-BBE8-B5E1CDE5467E}.Release|Any CPU.ActiveCfg = Release|Any CPU
		{8B0A8756-CF30-4946-BBE8-B5E1CDE5467E}.Release|Any CPU.Build.0 = Release|Any CPU
		{1C0159AE-A3B9-4F4E-B216-A3253E457AB8}.Debug|Any CPU.ActiveCfg = Debug|Any CPU
		{1C0159AE-A3B9-4F4E-B216-A3253E457AB8}.Debug|Any CPU.Build.0 = Debug|Any CPU
		{1C0159AE-A3B9-4F4E-B216-A3253E457AB8}.Release|Any CPU.ActiveCfg = Release|Any CPU
		{1C0159AE-A3B9-4F4E-B216-A3253E457AB8}.Release|Any CPU.Build.0 = Release|Any CPU
		{B228A934-F00C-4EB8-8CDB-19B75C478BA5}.Debug|Any CPU.ActiveCfg = Debug|Any CPU
		{B228A934-F00C-4EB8-8CDB-19B75C478BA5}.Debug|Any CPU.Build.0 = Debug|Any CPU
		{B228A934-F00C-4EB8-8CDB-19B75C478BA5}.Release|Any CPU.ActiveCfg = Release|Any CPU
		{B228A934-F00C-4EB8-8CDB-19B75C478BA5}.Release|Any CPU.Build.0 = Release|Any CPU
		{EDCBCA23-C50E-43B6-97DC-664DF74E53BF}.Debug|Any CPU.ActiveCfg = Debug|Any CPU
		{EDCBCA23-C50E-43B6-97DC-664DF74E53BF}.Debug|Any CPU.Build.0 = Debug|Any CPU
		{EDCBCA23-C50E-43B6-97DC-664DF74E53BF}.Release|Any CPU.ActiveCfg = Release|Any CPU
		{EDCBCA23-C50E-43B6-97DC-664DF74E53BF}.Release|Any CPU.Build.0 = Release|Any CPU
		{448B9EB5-B09A-46B6-A4F2-24C9C8E0A5F3}.Debug|Any CPU.ActiveCfg = Debug|Any CPU
		{448B9EB5-B09A-46B6-A4F2-24C9C8E0A5F3}.Debug|Any CPU.Build.0 = Debug|Any CPU
		{448B9EB5-B09A-46B6-A4F2-24C9C8E0A5F3}.Release|Any CPU.ActiveCfg = Release|Any CPU
		{448B9EB5-B09A-46B6-A4F2-24C9C8E0A5F3}.Release|Any CPU.Build.0 = Release|Any CPU
	EndGlobalSection
	GlobalSection(SolutionProperties) = preSolution
		HideSolutionNode = FALSE
	EndGlobalSection
	GlobalSection(ExtensibilityGlobals) = postSolution
		SolutionGuid = {3222B607-28D2-465A-B593-3D3872293C0D}
	EndGlobalSection
EndGlobal
